
Microsoft Visual Studio Solution File, Format Version 12.00
# Visual Studio Version 17
VisualStudioVersion = 17.2.32630.192
MinimumVisualStudioVersion = 10.0.40219.1
Project("{FAE04EC0-301F-11D3-BF4B-00C04F79EFBC}") = "CalendarTaskApp", "CalendarTaskApp\CalendarTaskApp.csproj", "{C869ACDF-1B26-43D6-AAC5-E3B9ADCFF199}"
EndProject
Project("{9A19103F-16F7-4668-BE54-9A1E7A4F7556}") = "CalendarTaskLibrary", "CalendarTaskLibrary\CalendarTaskLibrary.csproj", "{DCE837D6-B8E4-4C48-A48D-2F166392C12B}"
EndProject
Project("{9A19103F-16F7-4668-BE54-9A1E7A4F7556}") = "CalendarTaskAppNew", "CalendarTaskAppNew\CalendarTaskAppNew.csproj", "{24611834-CC2D-43A8-BFA2-DEA142A7D3EB}"
EndProject
Project("{FAE04EC0-301F-11D3-BF4B-00C04F79EFBC}") = "CalendarTaskWPF", "CalendarTaskWPF\CalendarTaskWPF.csproj", "{48F58DFB-EBEB-4B0E-80BD-62BF66430E7F}"
EndProject
Global
	GlobalSection(SolutionConfigurationPlatforms) = preSolution
		Debug|Any CPU = Debug|Any CPU
		Release|Any CPU = Release|Any CPU
	EndGlobalSection
	GlobalSection(ProjectConfigurationPlatforms) = postSolution
		{C869ACDF-1B26-43D6-AAC5-E3B9ADCFF199}.Debug|Any CPU.ActiveCfg = Debug|Any CPU
		{C869ACDF-1B26-43D6-AAC5-E3B9ADCFF199}.Debug|Any CPU.Build.0 = Debug|Any CPU
		{C869ACDF-1B26-43D6-AAC5-E3B9ADCFF199}.Release|Any CPU.ActiveCfg = Release|Any CPU
		{C869ACDF-1B26-43D6-AAC5-E3B9ADCFF199}.Release|Any CPU.Build.0 = Release|Any CPU
		{DCE837D6-B8E4-4C48-A48D-2F166392C12B}.Debug|Any CPU.ActiveCfg = Debug|Any CPU
		{DCE837D6-B8E4-4C48-A48D-2F166392C12B}.Debug|Any CPU.Build.0 = Debug|Any CPU
		{DCE837D6-B8E4-4C48-A48D-2F166392C12B}.Release|Any CPU.ActiveCfg = Release|Any CPU
		{DCE837D6-B8E4-4C48-A48D-2F166392C12B}.Release|Any CPU.Build.0 = Release|Any CPU
		{24611834-CC2D-43A8-BFA2-DEA142A7D3EB}.Debug|Any CPU.ActiveCfg = Debug|Any CPU
		{24611834-CC2D-43A8-BFA2-DEA142A7D3EB}.Debug|Any CPU.Build.0 = Debug|Any CPU
		{24611834-CC2D-43A8-BFA2-DEA142A7D3EB}.Release|Any CPU.ActiveCfg = Release|Any CPU
		{24611834-CC2D-43A8-BFA2-DEA142A7D3EB}.Release|Any CPU.Build.0 = Release|Any CPU
		{48F58DFB-EBEB-4B0E-80BD-62BF66430E7F}.Debug|Any CPU.ActiveCfg = Debug|Any CPU
		{48F58DFB-EBEB-4B0E-80BD-62BF66430E7F}.Debug|Any CPU.Build.0 = Debug|Any CPU
		{48F58DFB-EBEB-4B0E-80BD-62BF66430E7F}.Release|Any CPU.ActiveCfg = Release|Any CPU
		{48F58DFB-EBEB-4B0E-80BD-62BF66430E7F}.Release|Any CPU.Build.0 = Release|Any CPU
	EndGlobalSection
	GlobalSection(SolutionProperties) = preSolution
		HideSolutionNode = FALSE
	EndGlobalSection
	GlobalSection(ExtensibilityGlobals) = postSolution
		SolutionGuid = {A07BECC7-41BB-48D9-8929-C70F5A755BCB}
	EndGlobalSection
EndGlobal
